// !$*UTF8*$!
{
	archiveVersion = 1;
	classes = {
	};
	objectVersion = 50;
	objects = {

/* Begin PBXBuildFile section */
		21477A412279DBE4006EC73E /* enemy.png in Resources */ = {isa = PBXBuildFile; fileRef = 21477A382279DBE4006EC73E /* enemy.png */; };
		21477A422279DBE4006EC73E /* gameMusic.mp3 in Resources */ = {isa = PBXBuildFile; fileRef = 21477A392279DBE4006EC73E /* gameMusic.mp3 */; };
		21477A432279DBE4006EC73E /* star@2x.png in Resources */ = {isa = PBXBuildFile; fileRef = 21477A3A2279DBE4006EC73E /* star@2x.png */; };
		21477A442279DBE4006EC73E /* pew.wav in Resources */ = {isa = PBXBuildFile; fileRef = 21477A3B2279DBE4006EC73E /* pew.wav */; };
		21477A452279DBE4006EC73E /* ninja@2X.png in Resources */ = {isa = PBXBuildFile; fileRef = 21477A3C2279DBE4006EC73E /* ninja@2X.png */; };
		21477A462279DBE4006EC73E /* ninja.png in Resources */ = {isa = PBXBuildFile; fileRef = 21477A3D2279DBE4006EC73E /* ninja.png */; };
		21477A472279DBE4006EC73E /* enemy@2x.png in Resources */ = {isa = PBXBuildFile; fileRef = 21477A3E2279DBE4006EC73E /* enemy@2x.png */; };
		21477A482279DBE4006EC73E /* VectorMath.swift in Sources */ = {isa = PBXBuildFile; fileRef = 21477A3F2279DBE4006EC73E /* VectorMath.swift */; };
		21477A492279DBE4006EC73E /* star.png in Resources */ = {isa = PBXBuildFile; fileRef = 21477A402279DBE4006EC73E /* star.png */; };
		A1BBADFD226F4CBF002E41CF /* AppDelegate.swift in Sources */ = {isa = PBXBuildFile; fileRef = A1BBADFC226F4CBF002E41CF /* AppDelegate.swift */; };
		A1BBADFF226F4CBF002E41CF /* GameScene.sks in Resources */ = {isa = PBXBuildFile; fileRef = A1BBADFE226F4CBF002E41CF /* GameScene.sks */; };
		A1BBAE01226F4CBF002E41CF /* Actions.sks in Resources */ = {isa = PBXBuildFile; fileRef = A1BBAE00226F4CBF002E41CF /* Actions.sks */; };
		A1BBAE03226F4CBF002E41CF /* GameScene.swift in Sources */ = {isa = PBXBuildFile; fileRef = A1BBAE02226F4CBF002E41CF /* GameScene.swift */; };
		A1BBAE05226F4CBF002E41CF /* GameViewController.swift in Sources */ = {isa = PBXBuildFile; fileRef = A1BBAE04226F4CBF002E41CF /* GameViewController.swift */; };
		A1BBAE08226F4CBF002E41CF /* Main.storyboard in Resources */ = {isa = PBXBuildFile; fileRef = A1BBAE06226F4CBF002E41CF /* Main.storyboard */; };
		A1BBAE0A226F4CC0002E41CF /* Assets.xcassets in Resources */ = {isa = PBXBuildFile; fileRef = A1BBAE09226F4CC0002E41CF /* Assets.xcassets */; };
		A1BBAE0D226F4CC0002E41CF /* LaunchScreen.storyboard in Resources */ = {isa = PBXBuildFile; fileRef = A1BBAE0B226F4CC0002E41CF /* LaunchScreen.storyboard */; };
/* End PBXBuildFile section */

/* Begin PBXFileReference section */
		21477A382279DBE4006EC73E /* enemy.png */ = {isa = PBXFileReference; lastKnownFileType = image.png; path = enemy.png; sourceTree = "<group>"; };
		21477A392279DBE4006EC73E /* gameMusic.mp3 */ = {isa = PBXFileReference; lastKnownFileType = audio.mp3; path = gameMusic.mp3; sourceTree = "<group>"; };
		21477A3A2279DBE4006EC73E /* star@2x.png */ = {isa = PBXFileReference; lastKnownFileType = image.png; path = "star@2x.png"; sourceTree = "<group>"; };
		21477A3B2279DBE4006EC73E /* pew.wav */ = {isa = PBXFileReference; lastKnownFileType = audio.wav; path = pew.wav; sourceTree = "<group>"; };
		21477A3C2279DBE4006EC73E /* ninja@2X.png */ = {isa = PBXFileReference; lastKnownFileType = image.png; path = "ninja@2X.png"; sourceTree = "<group>"; };
		21477A3D2279DBE4006EC73E /* ninja.png */ = {isa = PBXFileReference; lastKnownFileType = image.png; path = ninja.png; sourceTree = "<group>"; };
		21477A3E2279DBE4006EC73E /* enemy@2x.png */ = {isa = PBXFileReference; lastKnownFileType = image.png; path = "enemy@2x.png"; sourceTree = "<group>"; };
		21477A3F2279DBE4006EC73E /* VectorMath.swift */ = {isa = PBXFileReference; fileEncoding = 4; lastKnownFileType = sourcecode.swift; path = VectorMath.swift; sourceTree = "<group>"; };
		21477A402279DBE4006EC73E /* star.png */ = {isa = PBXFileReference; lastKnownFileType = image.png; path = star.png; sourceTree = "<group>"; };
		A1BBADF9226F4CBF002E41CF /* EcoFriends.app */ = {isa = PBXFileReference; explicitFileType = wrapper.application; includeInIndex = 0; path = EcoFriends.app; sourceTree = BUILT_PRODUCTS_DIR; };
		A1BBADFC226F4CBF002E41CF /* AppDelegate.swift */ = {isa = PBXFileReference; lastKnownFileType = sourcecode.swift; path = AppDelegate.swift; sourceTree = "<group>"; };
		A1BBADFE226F4CBF002E41CF /* GameScene.sks */ = {isa = PBXFileReference; lastKnownFileType = file.sks; path = GameScene.sks; sourceTree = "<group>"; };
		A1BBAE00226F4CBF002E41CF /* Actions.sks */ = {isa = PBXFileReference; lastKnownFileType = file.sks; path = Actions.sks; sourceTree = "<group>"; };
		A1BBAE02226F4CBF002E41CF /* GameScene.swift */ = {isa = PBXFileReference; lastKnownFileType = sourcecode.swift; path = GameScene.swift; sourceTree = "<group>"; };
		A1BBAE04226F4CBF002E41CF /* GameViewController.swift */ = {isa = PBXFileReference; lastKnownFileType = sourcecode.swift; path = GameViewController.swift; sourceTree = "<group>"; };
		A1BBAE07226F4CBF002E41CF /* Base */ = {isa = PBXFileReference; lastKnownFileType = file.storyboard; name = Base; path = Base.lproj/Main.storyboard; sourceTree = "<group>"; };
		A1BBAE09226F4CC0002E41CF /* Assets.xcassets */ = {isa = PBXFileReference; lastKnownFileType = folder.assetcatalog; path = Assets.xcassets; sourceTree = "<group>"; };
		A1BBAE0C226F4CC0002E41CF /* Base */ = {isa = PBXFileReference; lastKnownFileType = file.storyboard; name = Base; path = Base.lproj/LaunchScreen.storyboard; sourceTree = "<group>"; };
		A1BBAE0E226F4CC0002E41CF /* Info.plist */ = {isa = PBXFileReference; lastKnownFileType = text.plist.xml; path = Info.plist; sourceTree = "<group>"; };
/* End PBXFileReference section */

/* Begin PBXFrameworksBuildPhase section */
		A1BBADF6226F4CBF002E41CF /* Frameworks */ = {
			isa = PBXFrameworksBuildPhase;
			buildActionMask = 2147483647;
			files = (
			);
			runOnlyForDeploymentPostprocessing = 0;
		};
/* End PBXFrameworksBuildPhase section */

/* Begin PBXGroup section */
		21477A372279DBE4006EC73E /* NinjaAssets */ = {
			isa = PBXGroup;
			children = (
				21477A382279DBE4006EC73E /* enemy.png */,
				21477A392279DBE4006EC73E /* gameMusic.mp3 */,
				21477A3A2279DBE4006EC73E /* star@2x.png */,
				21477A3B2279DBE4006EC73E /* pew.wav */,
				21477A3C2279DBE4006EC73E /* ninja@2X.png */,
				21477A3D2279DBE4006EC73E /* ninja.png */,
				21477A3E2279DBE4006EC73E /* enemy@2x.png */,
				21477A3F2279DBE4006EC73E /* VectorMath.swift */,
				21477A402279DBE4006EC73E /* star.png */,
			);
			path = NinjaAssets;
			sourceTree = "<group>";
		};
		A1BBADF0226F4CBE002E41CF = {
			isa = PBXGroup;
			children = (
				A1BBADFB226F4CBF002E41CF /* EcoFriends */,
				A1BBADFA226F4CBF002E41CF /* Products */,
				21477A372279DBE4006EC73E /* NinjaAssets */,
			);
			sourceTree = "<group>";
		};
		A1BBADFA226F4CBF002E41CF /* Products */ = {
			isa = PBXGroup;
			children = (
				A1BBADF9226F4CBF002E41CF /* EcoFriends.app */,
			);
			name = Products;
			sourceTree = "<group>";
		};
		A1BBADFB226F4CBF002E41CF /* EcoFriends */ = {
			isa = PBXGroup;
			children = (
				A1BBADFC226F4CBF002E41CF /* AppDelegate.swift */,
				A1BBADFE226F4CBF002E41CF /* GameScene.sks */,
				A1BBAE00226F4CBF002E41CF /* Actions.sks */,
				A1BBAE02226F4CBF002E41CF /* GameScene.swift */,
				A1BBAE04226F4CBF002E41CF /* GameViewController.swift */,
				A1BBAE06226F4CBF002E41CF /* Main.storyboard */,
				A1BBAE09226F4CC0002E41CF /* Assets.xcassets */,
				A1BBAE0B226F4CC0002E41CF /* LaunchScreen.storyboard */,
				A1BBAE0E226F4CC0002E41CF /* Info.plist */,
			);
			path = EcoFriends;
			sourceTree = "<group>";
		};
/* End PBXGroup section */

/* Begin PBXNativeTarget section */
		A1BBADF8226F4CBF002E41CF /* EcoFriends */ = {
			isa = PBXNativeTarget;
			buildConfigurationList = A1BBAE11226F4CC0002E41CF /* Build configuration list for PBXNativeTarget "EcoFriends" */;
			buildPhases = (
				A1BBADF5226F4CBF002E41CF /* Sources */,
				A1BBADF6226F4CBF002E41CF /* Frameworks */,
				A1BBADF7226F4CBF002E41CF /* Resources */,
			);
			buildRules = (
			);
			dependencies = (
			);
			name = EcoFriends;
			productName = EcoFriends;
			productReference = A1BBADF9226F4CBF002E41CF /* EcoFriends.app */;
			productType = "com.apple.product-type.application";
		};
/* End PBXNativeTarget section */

/* Begin PBXProject section */
		A1BBADF1226F4CBE002E41CF /* Project object */ = {
			isa = PBXProject;
			attributes = {
				LastSwiftUpdateCheck = 1010;
				LastUpgradeCheck = 1010;
				ORGANIZATIONNAME = "ZIA SCOTT";
				TargetAttributes = {
					A1BBADF8226F4CBF002E41CF = {
						CreatedOnToolsVersion = 10.1;
					};
				};
			};
			buildConfigurationList = A1BBADF4226F4CBE002E41CF /* Build configuration list for PBXProject "EcoFriends" */;
			compatibilityVersion = "Xcode 9.3";
			developmentRegion = en;
			hasScannedForEncodings = 0;
			knownRegions = (
				en,
				Base,
			);
			mainGroup = A1BBADF0226F4CBE002E41CF;
			productRefGroup = A1BBADFA226F4CBF002E41CF /* Products */;
			projectDirPath = "";
			projectRoot = "";
			targets = (
				A1BBADF8226F4CBF002E41CF /* EcoFriends */,
			);
		};
/* End PBXProject section */

/* Begin PBXResourcesBuildPhase section */
		A1BBADF7226F4CBF002E41CF /* Resources */ = {
			isa = PBXResourcesBuildPhase;
			buildActionMask = 2147483647;
			files = (
				21477A462279DBE4006EC73E /* ninja.png in Resources */,
				21477A472279DBE4006EC73E /* enemy@2x.png in Resources */,
				A1BBAE08226F4CBF002E41CF /* Main.storyboard in Resources */,
				A1BBADFF226F4CBF002E41CF /* GameScene.sks in Resources */,
				21477A412279DBE4006EC73E /* enemy.png in Resources */,
				A1BBAE0A226F4CC0002E41CF /* Assets.xcassets in Resources */,
				A1BBAE0D226F4CC0002E41CF /* LaunchScreen.storyboard in Resources */,
				21477A452279DBE4006EC73E /* ninja@2X.png in Resources */,
				21477A442279DBE4006EC73E /* pew.wav in Resources */,
				21477A432279DBE4006EC73E /* star@2x.png in Resources */,
				21477A492279DBE4006EC73E /* star.png in Resources */,
				21477A422279DBE4006EC73E /* gameMusic.mp3 in Resources */,
				A1BBAE01226F4CBF002E41CF /* Actions.sks in Resources */,
			);
			runOnlyForDeploymentPostprocessing = 0;
		};
/* End PBXResourcesBuildPhase section */

/* Begin PBXSourcesBuildPhase section */
		A1BBADF5226F4CBF002E41CF /* Sources */ = {
			isa = PBXSourcesBuildPhase;
			buildActionMask = 2147483647;
			files = (
				A1BBAE03226F4CBF002E41CF /* GameScene.swift in Sources */,
				A1BBAE05226F4CBF002E41CF /* GameViewController.swift in Sources */,
				21477A482279DBE4006EC73E /* VectorMath.swift in Sources */,
				A1BBADFD226F4CBF002E41CF /* AppDelegate.swift in Sources */,
			);
			runOnlyForDeploymentPostprocessing = 0;
		};
/* End PBXSourcesBuildPhase section */

/* Begin PBXVariantGroup section */
		A1BBAE06226F4CBF002E41CF /* Main.storyboard */ = {
			isa = PBXVariantGroup;
			children = (
				A1BBAE07226F4CBF002E41CF /* Base */,
			);
			name = Main.storyboard;
			sourceTree = "<group>";
		};
		A1BBAE0B226F4CC0002E41CF /* LaunchScreen.storyboard */ = {
			isa = PBXVariantGroup;
			children = (
				A1BBAE0C226F4CC0002E41CF /* Base */,
			);
			name = LaunchScreen.storyboard;
			sourceTree = "<group>";
		};
/* End PBXVariantGroup section */

/* Begin XCBuildConfiguration section */
		A1BBAE0F226F4CC0002E41CF /* Debug */ = {
			isa = XCBuildConfiguration;
			buildSettings = {
				ALWAYS_SEARCH_USER_PATHS = NO;
				CLANG_ANALYZER_NONNULL = YES;
				CLANG_ANALYZER_NUMBER_OBJECT_CONVERSION = YES_AGGRESSIVE;
				CLANG_CXX_LANGUAGE_STANDARD = "gnu++14";
				CLANG_CXX_LIBRARY = "libc++";
				CLANG_ENABLE_MODULES = YES;
				CLANG_ENABLE_OBJC_ARC = YES;
				CLANG_ENABLE_OBJC_WEAK = YES;
				CLANG_WARN_BLOCK_CAPTURE_AUTORELEASING = YES;
				CLANG_WARN_BOOL_CONVERSION = YES;
				CLANG_WARN_COMMA = YES;
				CLANG_WARN_CONSTANT_CONVERSION = YES;
				CLANG_WARN_DEPRECATED_OBJC_IMPLEMENTATIONS = YES;
				CLANG_WARN_DIRECT_OBJC_ISA_USAGE = YES_ERROR;
				CLANG_WARN_DOCUMENTATION_COMMENTS = YES;
				CLANG_WARN_EMPTY_BODY = YES;
				CLANG_WARN_ENUM_CONVERSION = YES;
				CLANG_WARN_INFINITE_RECURSION = YES;
				CLANG_WARN_INT_CONVERSION = YES;
				CLANG_WARN_NON_LITERAL_NULL_CONVERSION = YES;
				CLANG_WARN_OBJC_IMPLICIT_RETAIN_SELF = YES;
				CLANG_WARN_OBJC_LITERAL_CONVERSION = YES;
				CLANG_WARN_OBJC_ROOT_CLASS = YES_ERROR;
				CLANG_WARN_RANGE_LOOP_ANALYSIS = YES;
				CLANG_WARN_STRICT_PROTOTYPES = YES;
				CLANG_WARN_SUSPICIOUS_MOVE = YES;
				CLANG_WARN_UNGUARDED_AVAILABILITY = YES_AGGRESSIVE;
				CLANG_WARN_UNREACHABLE_CODE = YES;
				CLANG_WARN__DUPLICATE_METHOD_MATCH = YES;
				CODE_SIGN_IDENTITY = "iPhone Developer";
				COPY_PHASE_STRIP = NO;
				DEBUG_INFORMATION_FORMAT = dwarf;
				ENABLE_STRICT_OBJC_MSGSEND = YES;
				ENABLE_TESTABILITY = YES;
				GCC_C_LANGUAGE_STANDARD = gnu11;
				GCC_DYNAMIC_NO_PIC = NO;
				GCC_NO_COMMON_BLOCKS = YES;
				GCC_OPTIMIZATION_LEVEL = 0;
				GCC_PREPROCESSOR_DEFINITIONS = (
					"DEBUG=1",
					"$(inherited)",
				);
				GCC_WARN_64_TO_32_BIT_CONVERSION = YES;
				GCC_WARN_ABOUT_RETURN_TYPE = YES_ERROR;
				GCC_WARN_UNDECLARED_SELECTOR = YES;
				GCC_WARN_UNINITIALIZED_AUTOS = YES_AGGRESSIVE;
				GCC_WARN_UNUSED_FUNCTION = YES;
				GCC_WARN_UNUSED_VARIABLE = YES;
				IPHONEOS_DEPLOYMENT_TARGET = 12.1;
				MTL_ENABLE_DEBUG_INFO = INCLUDE_SOURCE;
				MTL_FAST_MATH = YES;
				ONLY_ACTIVE_ARCH = YES;
				SDKROOT = iphoneos;
				SWIFT_ACTIVE_COMPILATION_CONDITIONS = DEBUG;
				SWIFT_OPTIMIZATION_LEVEL = "-Onone";
			};
			name = Debug;
		};
		A1BBAE10226F4CC0002E41CF /* Release */ = {
			isa = XCBuildConfiguration;
			buildSettings = {
				ALWAYS_SEARCH_USER_PATHS = NO;
				CLANG_ANALYZER_NONNULL = YES;
				CLANG_ANALYZER_NUMBER_OBJECT_CONVERSION = YES_AGGRESSIVE;
				CLANG_CXX_LANGUAGE_STANDARD = "gnu++14";
				CLANG_CXX_LIBRARY = "libc++";
				CLANG_ENABLE_MODULES = YES;
				CLANG_ENABLE_OBJC_ARC = YES;
				CLANG_ENABLE_OBJC_WEAK = YES;
				CLANG_WARN_BLOCK_CAPTURE_AUTORELEASING = YES;
				CLANG_WARN_BOOL_CONVERSION = YES;
				CLANG_WARN_COMMA = YES;
				CLANG_WARN_CONSTANT_CONVERSION = YES;
				CLANG_WARN_DEPRECATED_OBJC_IMPLEMENTATIONS = YES;
				CLANG_WARN_DIRECT_OBJC_ISA_USAGE = YES_ERROR;
				CLANG_WARN_DOCUMENTATION_COMMENTS = YES;
				CLANG_WARN_EMPTY_BODY = YES;
				CLANG_WARN_ENUM_CONVERSION = YES;
				CLANG_WARN_INFINITE_RECURSION = YES;
				CLANG_WARN_INT_CONVERSION = YES;
				CLANG_WARN_NON_LITERAL_NULL_CONVERSION = YES;
				CLANG_WARN_OBJC_IMPLICIT_RETAIN_SELF = YES;
				CLANG_WARN_OBJC_LITERAL_CONVERSION = YES;
				CLANG_WARN_OBJC_ROOT_CLASS = YES_ERROR;
				CLANG_WARN_RANGE_LOOP_ANALYSIS = YES;
				CLANG_WARN_STRICT_PROTOTYPES = YES;
				CLANG_WARN_SUSPICIOUS_MOVE = YES;
				CLANG_WARN_UNGUARDED_AVAILABILITY = YES_AGGRESSIVE;
				CLANG_WARN_UNREACHABLE_CODE = YES;
				CLANG_WARN__DUPLICATE_METHOD_MATCH = YES;
				CODE_SIGN_IDENTITY = "iPhone Developer";
				COPY_PHASE_STRIP = NO;
				DEBUG_INFORMATION_FORMAT = "dwarf-with-dsym";
				ENABLE_NS_ASSERTIONS = NO;
				ENABLE_STRICT_OBJC_MSGSEND = YES;
				GCC_C_LANGUAGE_STANDARD = gnu11;
				GCC_NO_COMMON_BLOCKS = YES;
				GCC_WARN_64_TO_32_BIT_CONVERSION = YES;
				GCC_WARN_ABOUT_RETURN_TYPE = YES_ERROR;
				GCC_WARN_UNDECLARED_SELECTOR = YES;
				GCC_WARN_UNINITIALIZED_AUTOS = YES_AGGRESSIVE;
				GCC_WARN_UNUSED_FUNCTION = YES;
				GCC_WARN_UNUSED_VARIABLE = YES;
				IPHONEOS_DEPLOYMENT_TARGET = 12.1;
				MTL_ENABLE_DEBUG_INFO = NO;
				MTL_FAST_MATH = YES;
				SDKROOT = iphoneos;
				SWIFT_COMPILATION_MODE = wholemodule;
				SWIFT_OPTIMIZATION_LEVEL = "-O";
				VALIDATE_PRODUCT = YES;
			};
			name = Release;
		};
		A1BBAE12226F4CC0002E41CF /* Debug */ = {
			isa = XCBuildConfiguration;
			buildSettings = {
				ASSETCATALOG_COMPILER_APPICON_NAME = AppIcon;
				CODE_SIGN_STYLE = Automatic;
				INFOPLIST_FILE = EcoFriends/Info.plist;
				LD_RUNPATH_SEARCH_PATHS = (
					"$(inherited)",
					"@executable_path/Frameworks",
				);
				PRODUCT_BUNDLE_IDENTIFIER = clc.EcoFriends;
				PRODUCT_NAME = "$(TARGET_NAME)";
				SWIFT_VERSION = 4.2;
				TARGETED_DEVICE_FAMILY = "1,2";
			};
			name = Debug;
		};
		A1BBAE13226F4CC0002E41CF /* Release */ = {
			isa = XCBuildConfiguration;
			buildSettings = {
				ASSETCATALOG_COMPILER_APPICON_NAME = AppIcon;
				CODE_SIGN_STYLE = Automatic;
				INFOPLIST_FILE = EcoFriends/Info.plist;
				LD_RUNPATH_SEARCH_PATHS = (
					"$(inherited)",
					"@executable_path/Frameworks",
				);
				PRODUCT_BUNDLE_IDENTIFIER = clc.EcoFriends;
				PRODUCT_NAME = "$(TARGET_NAME)";
				SWIFT_VERSION = 4.2;
				TARGETED_DEVICE_FAMILY = "1,2";
			};
			name = Release;
		};
/* End XCBuildConfiguration section */

/* Begin XCConfigurationList section */
		A1BBADF4226F4CBE002E41CF /* Build configuration list for PBXProject "EcoFriends" */ = {
			isa = XCConfigurationList;
			buildConfigurations = (
				A1BBAE0F226F4CC0002E41CF /* Debug */,
				A1BBAE10226F4CC0002E41CF /* Release */,
			);
			defaultConfigurationIsVisible = 0;
			defaultConfigurationName = Release;
		};
		A1BBAE11226F4CC0002E41CF /* Build configuration list for PBXNativeTarget "EcoFriends" */ = {
			isa = XCConfigurationList;
			buildConfigurations = (
				A1BBAE12226F4CC0002E41CF /* Debug */,
				A1BBAE13226F4CC0002E41CF /* Release */,
			);
			defaultConfigurationIsVisible = 0;
			defaultConfigurationName = Release;
		};
/* End XCConfigurationList section */
	};
	rootObject = A1BBADF1226F4CBE002E41CF /* Project object */;
}
